
Microsoft Visual Studio Solution File, Format Version 12.00
# Visual Studio Version 16
VisualStudioVersion = 16.0.31402.337
MinimumVisualStudioVersion = 10.0.40219.1
Project("{FAE04EC0-301F-11D3-BF4B-00C04F79EFBC}") = "001_HelloWorld", "001_HelloWorld\001_HelloWorld.csproj", "{24BCE516-E2D8-4501-8B1C-0BBD6680A588}"
EndProject
Project("{FAE04EC0-301F-11D3-BF4B-00C04F79EFBC}") = "002_HelloWorld2", "002_HelloWorld2\002_HelloWorld2.csproj", "{58849CED-672F-46F7-AE4C-C1DF95E575B0}"
EndProject
Project("{FAE04EC0-301F-11D3-BF4B-00C04F79EFBC}") = "003_HelloWorld3", "003_HelloWorld3\003_HelloWorld3.csproj", "{ACD944DF-4A74-4D83-90AB-4DD4422555F5}"
EndProject
Project("{FAE04EC0-301F-11D3-BF4B-00C04F79EFBC}") = "004_Check", "004_Check\004_Check.csproj", "{524D6D62-1435-4E14-AF2A-F4883CC50979}"
EndProject
Project("{FAE04EC0-301F-11D3-BF4B-00C04F79EFBC}") = "005_Check", "005_Check\005_Check.csproj", "{57AB183B-315B-4D6C-9576-9C50C2EDD1C1}"
EndProject
Project("{FAE04EC0-301F-11D3-BF4B-00C04F79EFBC}") = "006_Variable", "006_Variable\006_Variable.csproj", "{8A8D68C6-A997-43C4-A151-FD66B6507CDA}"
EndProject
Project("{FAE04EC0-301F-11D3-BF4B-00C04F79EFBC}") = "009_Data2", "009_Data2\009_Data2.csproj", "{3316057A-BE56-435C-BDB7-C089983056AA}"
EndProject
Project("{FAE04EC0-301F-11D3-BF4B-00C04F79EFBC}") = "011_Data4", "010_Data3\011_Data4.csproj", "{5514767A-4861-468E-8607-78680FFF0FBF}"
EndProject
Project("{FAE04EC0-301F-11D3-BF4B-00C04F79EFBC}") = "014_Data7", "014_Data7\014_Data7.csproj", "{63B06E6F-9599-4F3F-A316-4646518FB70B}"
EndProject
Project("{FAE04EC0-301F-11D3-BF4B-00C04F79EFBC}") = "018_Data_object", "018_Data_object\018_Data_object.csproj", "{83732A2B-B42E-49DE-93B2-9CB078A4DA6A}"
EndProject
Project("{FAE04EC0-301F-11D3-BF4B-00C04F79EFBC}") = "019_Data_enum", "019_Data_enum\019_Data_enum.csproj", "{046FC732-6FDD-4447-A7C2-7CEFADCC9406}"
EndProject
Project("{FAE04EC0-301F-11D3-BF4B-00C04F79EFBC}") = "021_Data_nullable", "021_Data_nullable\021_Data_nullable.csproj", "{AD5DCE5B-E94B-4B2C-8C19-3CF0C9AAA10C}"
EndProject
Project("{FAE04EC0-301F-11D3-BF4B-00C04F79EFBC}") = "022_Data_var", "022_Data_var\022_Data_var.csproj", "{3E67CEE1-FDCA-41C1-9442-67B9B291A319}"
EndProject
Project("{FAE04EC0-301F-11D3-BF4B-00C04F79EFBC}") = "023_Data_const", "023_Data_const\023_Data_const.csproj", "{90996B25-5DB8-400A-9D86-8AC90C805C02}"
EndProject
Project("{FAE04EC0-301F-11D3-BF4B-00C04F79EFBC}") = "024_Data_cast", "024_Data_cast\024_Data_cast.csproj", "{96CB2E96-F7C0-4541-BB92-89524AEF1073}"
EndProject
Project("{FAE04EC0-301F-11D3-BF4B-00C04F79EFBC}") = "028_Data_Reference", "028_Data_Reference\028_Data_Reference.csproj", "{6476353A-D9B0-439F-98FB-5E94097AC75D}"
EndProject
Project("{FAE04EC0-301F-11D3-BF4B-00C04F79EFBC}") = "029_Data_boxing", "029_Data_boxing\029_Data_boxing.csproj", "{B00895D9-6013-4562-8CDE-EEFF8A288B17}"
EndProject
Project("{FAE04EC0-301F-11D3-BF4B-00C04F79EFBC}") = "030_ReadLine", "030_ReadLine\030_ReadLine.csproj", "{32C92B45-88DB-4C1C-BAF2-B1C1CD73F0D8}"
EndProject
Project("{FAE04EC0-301F-11D3-BF4B-00C04F79EFBC}") = "032_Check", "032_Check\032_Check.csproj", "{0BED1295-9E51-46A6-868D-A4BE8839D961}"
EndProject
Project("{FAE04EC0-301F-11D3-BF4B-00C04F79EFBC}") = "034_Operator1", "034_Operator1\034_Operator1.csproj", "{421C601B-13C1-42A3-83AB-BA66A3EAE142}"
EndProject
Project("{FAE04EC0-301F-11D3-BF4B-00C04F79EFBC}") = "040_Operator_Bit", "040_Operator_Bit\040_Operator_Bit.csproj", "{9B6CEFF6-2C1F-47AF-A6D4-926994D25B5F}"
EndProject
Project("{FAE04EC0-301F-11D3-BF4B-00C04F79EFBC}") = "041_Operator_null", "041_Operator_null\041_Operator_null.csproj", "{05498E0B-33BB-4E6B-8C5F-1B70DE9C4E1C}"
EndProject
Project("{FAE04EC0-301F-11D3-BF4B-00C04F79EFBC}") = "046_Operator_switch", "046_Operator_switch\046_Operator_switch.csproj", "{9EAC55F4-B145-4614-9436-8583CF70DD1B}"
EndProject
Project("{FAE04EC0-301F-11D3-BF4B-00C04F79EFBC}") = "051_Operator_infinite", "051_Operator_infinite\051_Operator_infinite.csproj", "{74F84E85-4F2B-492D-BE52-4827465E9A8B}"
EndProject
Global
	GlobalSection(SolutionConfigurationPlatforms) = preSolution
		Debug|Any CPU = Debug|Any CPU
		Release|Any CPU = Release|Any CPU
	EndGlobalSection
	GlobalSection(ProjectConfigurationPlatforms) = postSolution
		{24BCE516-E2D8-4501-8B1C-0BBD6680A588}.Debug|Any CPU.ActiveCfg = Debug|Any CPU
		{24BCE516-E2D8-4501-8B1C-0BBD6680A588}.Debug|Any CPU.Build.0 = Debug|Any CPU
		{24BCE516-E2D8-4501-8B1C-0BBD6680A588}.Release|Any CPU.ActiveCfg = Release|Any CPU
		{24BCE516-E2D8-4501-8B1C-0BBD6680A588}.Release|Any CPU.Build.0 = Release|Any CPU
		{58849CED-672F-46F7-AE4C-C1DF95E575B0}.Debug|Any CPU.ActiveCfg = Debug|Any CPU
		{58849CED-672F-46F7-AE4C-C1DF95E575B0}.Debug|Any CPU.Build.0 = Debug|Any CPU
		{58849CED-672F-46F7-AE4C-C1DF95E575B0}.Release|Any CPU.ActiveCfg = Release|Any CPU
		{58849CED-672F-46F7-AE4C-C1DF95E575B0}.Release|Any CPU.Build.0 = Release|Any CPU
		{ACD944DF-4A74-4D83-90AB-4DD4422555F5}.Debug|Any CPU.ActiveCfg = Debug|Any CPU
		{ACD944DF-4A74-4D83-90AB-4DD4422555F5}.Debug|Any CPU.Build.0 = Debug|Any CPU
		{ACD944DF-4A74-4D83-90AB-4DD4422555F5}.Release|Any CPU.ActiveCfg = Release|Any CPU
		{ACD944DF-4A74-4D83-90AB-4DD4422555F5}.Release|Any CPU.Build.0 = Release|Any CPU
		{524D6D62-1435-4E14-AF2A-F4883CC50979}.Debug|Any CPU.ActiveCfg = Debug|Any CPU
		{524D6D62-1435-4E14-AF2A-F4883CC50979}.Debug|Any CPU.Build.0 = Debug|Any CPU
		{524D6D62-1435-4E14-AF2A-F4883CC50979}.Release|Any CPU.ActiveCfg = Release|Any CPU
		{524D6D62-1435-4E14-AF2A-F4883CC50979}.Release|Any CPU.Build.0 = Release|Any CPU
		{57AB183B-315B-4D6C-9576-9C50C2EDD1C1}.Debug|Any CPU.ActiveCfg = Debug|Any CPU
		{57AB183B-315B-4D6C-9576-9C50C2EDD1C1}.Debug|Any CPU.Build.0 = Debug|Any CPU
		{57AB183B-315B-4D6C-9576-9C50C2EDD1C1}.Release|Any CPU.ActiveCfg = Release|Any CPU
		{57AB183B-315B-4D6C-9576-9C50C2EDD1C1}.Release|Any CPU.Build.0 = Release|Any CPU
		{8A8D68C6-A997-43C4-A151-FD66B6507CDA}.Debug|Any CPU.ActiveCfg = Debug|Any CPU
		{8A8D68C6-A997-43C4-A151-FD66B6507CDA}.Debug|Any CPU.Build.0 = Debug|Any CPU
		{8A8D68C6-A997-43C4-A151-FD66B6507CDA}.Release|Any CPU.ActiveCfg = Release|Any CPU
		{8A8D68C6-A997-43C4-A151-FD66B6507CDA}.Release|Any CPU.Build.0 = Release|Any CPU
		{3316057A-BE56-435C-BDB7-C089983056AA}.Debug|Any CPU.ActiveCfg = Debug|Any CPU
		{3316057A-BE56-435C-BDB7-C089983056AA}.Debug|Any CPU.Build.0 = Debug|Any CPU
		{3316057A-BE56-435C-BDB7-C089983056AA}.Release|Any CPU.ActiveCfg = Release|Any CPU
		{3316057A-BE56-435C-BDB7-C089983056AA}.Release|Any CPU.Build.0 = Release|Any CPU
		{5514767A-4861-468E-8607-78680FFF0FBF}.Debug|Any CPU.ActiveCfg = Debug|Any CPU
		{5514767A-4861-468E-8607-78680FFF0FBF}.Debug|Any CPU.Build.0 = Debug|Any CPU
		{5514767A-4861-468E-8607-78680FFF0FBF}.Release|Any CPU.ActiveCfg = Release|Any CPU
		{5514767A-4861-468E-8607-78680FFF0FBF}.Release|Any CPU.Build.0 = Release|Any CPU
		{63B06E6F-9599-4F3F-A316-4646518FB70B}.Debug|Any CPU.ActiveCfg = Debug|Any CPU
		{63B06E6F-9599-4F3F-A316-4646518FB70B}.Debug|Any CPU.Build.0 = Debug|Any CPU
		{63B06E6F-9599-4F3F-A316-4646518FB70B}.Release|Any CPU.ActiveCfg = Release|Any CPU
		{63B06E6F-9599-4F3F-A316-4646518FB70B}.Release|Any CPU.Build.0 = Release|Any CPU
		{83732A2B-B42E-49DE-93B2-9CB078A4DA6A}.Debug|Any CPU.ActiveCfg = Debug|Any CPU
		{83732A2B-B42E-49DE-93B2-9CB078A4DA6A}.Debug|Any CPU.Build.0 = Debug|Any CPU
		{83732A2B-B42E-49DE-93B2-9CB078A4DA6A}.Release|Any CPU.ActiveCfg = Release|Any CPU
		{83732A2B-B42E-49DE-93B2-9CB078A4DA6A}.Release|Any CPU.Build.0 = Release|Any CPU
		{046FC732-6FDD-4447-A7C2-7CEFADCC9406}.Debug|Any CPU.ActiveCfg = Debug|Any CPU
		{046FC732-6FDD-4447-A7C2-7CEFADCC9406}.Debug|Any CPU.Build.0 = Debug|Any CPU
		{046FC732-6FDD-4447-A7C2-7CEFADCC9406}.Release|Any CPU.ActiveCfg = Release|Any CPU
		{046FC732-6FDD-4447-A7C2-7CEFADCC9406}.Release|Any CPU.Build.0 = Release|Any CPU
		{AD5DCE5B-E94B-4B2C-8C19-3CF0C9AAA10C}.Debug|Any CPU.ActiveCfg = Debug|Any CPU
		{AD5DCE5B-E94B-4B2C-8C19-3CF0C9AAA10C}.Debug|Any CPU.Build.0 = Debug|Any CPU
		{AD5DCE5B-E94B-4B2C-8C19-3CF0C9AAA10C}.Release|Any CPU.ActiveCfg = Release|Any CPU
		{AD5DCE5B-E94B-4B2C-8C19-3CF0C9AAA10C}.Release|Any CPU.Build.0 = Release|Any CPU
		{3E67CEE1-FDCA-41C1-9442-67B9B291A319}.Debug|Any CPU.ActiveCfg = Debug|Any CPU
		{3E67CEE1-FDCA-41C1-9442-67B9B291A319}.Debug|Any CPU.Build.0 = Debug|Any CPU
		{3E67CEE1-FDCA-41C1-9442-67B9B291A319}.Release|Any CPU.ActiveCfg = Release|Any CPU
		{3E67CEE1-FDCA-41C1-9442-67B9B291A319}.Release|Any CPU.Build.0 = Release|Any CPU
		{90996B25-5DB8-400A-9D86-8AC90C805C02}.Debug|Any CPU.ActiveCfg = Debug|Any CPU
		{90996B25-5DB8-400A-9D86-8AC90C805C02}.Debug|Any CPU.Build.0 = Debug|Any CPU
		{90996B25-5DB8-400A-9D86-8AC90C805C02}.Release|Any CPU.ActiveCfg = Release|Any CPU
		{90996B25-5DB8-400A-9D86-8AC90C805C02}.Release|Any CPU.Build.0 = Release|Any CPU
		{96CB2E96-F7C0-4541-BB92-89524AEF1073}.Debug|Any CPU.ActiveCfg = Debug|Any CPU
		{96CB2E96-F7C0-4541-BB92-89524AEF1073}.Debug|Any CPU.Build.0 = Debug|Any CPU
		{96CB2E96-F7C0-4541-BB92-89524AEF1073}.Release|Any CPU.ActiveCfg = Release|Any CPU
		{96CB2E96-F7C0-4541-BB92-89524AEF1073}.Release|Any CPU.Build.0 = Release|Any CPU
		{6476353A-D9B0-439F-98FB-5E94097AC75D}.Debug|Any CPU.ActiveCfg = Debug|Any CPU
		{6476353A-D9B0-439F-98FB-5E94097AC75D}.Debug|Any CPU.Build.0 = Debug|Any CPU
		{6476353A-D9B0-439F-98FB-5E94097AC75D}.Release|Any CPU.ActiveCfg = Release|Any CPU
		{6476353A-D9B0-439F-98FB-5E94097AC75D}.Release|Any CPU.Build.0 = Release|Any CPU
		{B00895D9-6013-4562-8CDE-EEFF8A288B17}.Debug|Any CPU.ActiveCfg = Debug|Any CPU
		{B00895D9-6013-4562-8CDE-EEFF8A288B17}.Debug|Any CPU.Build.0 = Debug|Any CPU
		{B00895D9-6013-4562-8CDE-EEFF8A288B17}.Release|Any CPU.ActiveCfg = Release|Any CPU
		{B00895D9-6013-4562-8CDE-EEFF8A288B17}.Release|Any CPU.Build.0 = Release|Any CPU
		{32C92B45-88DB-4C1C-BAF2-B1C1CD73F0D8}.Debug|Any CPU.ActiveCfg = Debug|Any CPU
		{32C92B45-88DB-4C1C-BAF2-B1C1CD73F0D8}.Debug|Any CPU.Build.0 = Debug|Any CPU
		{32C92B45-88DB-4C1C-BAF2-B1C1CD73F0D8}.Release|Any CPU.ActiveCfg = Release|Any CPU
		{32C92B45-88DB-4C1C-BAF2-B1C1CD73F0D8}.Release|Any CPU.Build.0 = Release|Any CPU
		{0BED1295-9E51-46A6-868D-A4BE8839D961}.Debug|Any CPU.ActiveCfg = Debug|Any CPU
		{0BED1295-9E51-46A6-868D-A4BE8839D961}.Debug|Any CPU.Build.0 = Debug|Any CPU
		{0BED1295-9E51-46A6-868D-A4BE8839D961}.Release|Any CPU.ActiveCfg = Release|Any CPU
		{0BED1295-9E51-46A6-868D-A4BE8839D961}.Release|Any CPU.Build.0 = Release|Any CPU
		{421C601B-13C1-42A3-83AB-BA66A3EAE142}.Debug|Any CPU.ActiveCfg = Debug|Any CPU
		{421C601B-13C1-42A3-83AB-BA66A3EAE142}.Debug|Any CPU.Build.0 = Debug|Any CPU
		{421C601B-13C1-42A3-83AB-BA66A3EAE142}.Release|Any CPU.ActiveCfg = Release|Any CPU
		{421C601B-13C1-42A3-83AB-BA66A3EAE142}.Release|Any CPU.Build.0 = Release|Any CPU
		{9B6CEFF6-2C1F-47AF-A6D4-926994D25B5F}.Debug|Any CPU.ActiveCfg = Debug|Any CPU
		{9B6CEFF6-2C1F-47AF-A6D4-926994D25B5F}.Debug|Any CPU.Build.0 = Debug|Any CPU
		{9B6CEFF6-2C1F-47AF-A6D4-926994D25B5F}.Release|Any CPU.ActiveCfg = Release|Any CPU
		{9B6CEFF6-2C1F-47AF-A6D4-926994D25B5F}.Release|Any CPU.Build.0 = Release|Any CPU
		{05498E0B-33BB-4E6B-8C5F-1B70DE9C4E1C}.Debug|Any CPU.ActiveCfg = Debug|Any CPU
		{05498E0B-33BB-4E6B-8C5F-1B70DE9C4E1C}.Debug|Any CPU.Build.0 = Debug|Any CPU
		{05498E0B-33BB-4E6B-8C5F-1B70DE9C4E1C}.Release|Any CPU.ActiveCfg = Release|Any CPU
		{05498E0B-33BB-4E6B-8C5F-1B70DE9C4E1C}.Release|Any CPU.Build.0 = Release|Any CPU
		{9EAC55F4-B145-4614-9436-8583CF70DD1B}.Debug|Any CPU.ActiveCfg = Debug|Any CPU
		{9EAC55F4-B145-4614-9436-8583CF70DD1B}.Debug|Any CPU.Build.0 = Debug|Any CPU
		{9EAC55F4-B145-4614-9436-8583CF70DD1B}.Release|Any CPU.ActiveCfg = Release|Any CPU
		{9EAC55F4-B145-4614-9436-8583CF70DD1B}.Release|Any CPU.Build.0 = Release|Any CPU
		{74F84E85-4F2B-492D-BE52-4827465E9A8B}.Debug|Any CPU.ActiveCfg = Debug|Any CPU
		{74F84E85-4F2B-492D-BE52-4827465E9A8B}.Debug|Any CPU.Build.0 = Debug|Any CPU
		{74F84E85-4F2B-492D-BE52-4827465E9A8B}.Release|Any CPU.ActiveCfg = Release|Any CPU
		{74F84E85-4F2B-492D-BE52-4827465E9A8B}.Release|Any CPU.Build.0 = Release|Any CPU
	EndGlobalSection
	GlobalSection(SolutionProperties) = preSolution
		HideSolutionNode = FALSE
	EndGlobalSection
	GlobalSection(ExtensibilityGlobals) = postSolution
		SolutionGuid = {A0B5A7F8-0E82-4A25-BBC3-EBF9519A4B01}
	EndGlobalSection
EndGlobal
